{
  "version": 4,
  "terraform_version": "1.12.1",
  "serial": 504,
  "lineage": "88dbcd11-ccb9-f337-1480-5bb4551c9c05",
  "outputs": {},
  "resources": [
    {
      "mode": "managed",
      "type": "aws_iam_instance_profile",
      "name": "ci_cd_profile",
      "provider": "provider[\"registry.terraform.io/hashicorp/aws\"]",
      "instances": [
        {
          "schema_version": 0,
          "attributes": {
            "arn": "arn:aws:iam::228490194709:instance-profile/ci-cd-instance-profile",
            "create_date": "2025-10-12T05:35:41Z",
            "id": "ci-cd-instance-profile",
            "name": "ci-cd-instance-profile",
            "name_prefix": "",
            "path": "/",
            "role": "ci-cd-role",
            "tags": {},
            "tags_all": {},
            "unique_id": "AIPATKMYTV4K6NQJ4YIKV"
          },
          "sensitive_attributes": [],
          "identity_schema_version": 0,
          "private": "bnVsbA==",
          "dependencies": [
            "aws_iam_role.ci_cd_role"
          ]
        }
      ]
    },
    {
      "mode": "managed",
      "type": "aws_iam_policy",
      "name": "eks_req",
      "provider": "provider[\"registry.terraform.io/hashicorp/aws\"]",
      "instances": [
        {
          "schema_version": 0,
          "attributes": {
            "arn": "arn:aws:iam::228490194709:policy/ci-cd-eks-policy",
            "attachment_count": 1,
            "description": "",
            "id": "arn:aws:iam::228490194709:policy/ci-cd-eks-policy",
            "name": "ci-cd-eks-policy",
            "name_prefix": "",
            "path": "/",
            "policy": "{\"Statement\":[{\"Action\":\"eks:*\",\"Effect\":\"Allow\",\"Resource\":\"*\",\"Sid\":\"EKSFullAccess\"}],\"Version\":\"2012-10-17\"}",
            "policy_id": "ANPATKMYTV4KYAY62NTZE",
            "tags": {},
            "tags_all": {}
          },
          "sensitive_attributes": [],
          "identity_schema_version": 0,
          "identity": {
            "arn": "arn:aws:iam::228490194709:policy/ci-cd-eks-policy"
          },
          "private": "bnVsbA=="
        }
      ]
    },
    {
      "mode": "managed",
      "type": "aws_iam_role",
      "name": "ci_cd_role",
      "provider": "provider[\"registry.terraform.io/hashicorp/aws\"]",
      "instances": [
        {
          "schema_version": 0,
          "attributes": {
            "arn": "arn:aws:iam::228490194709:role/ci-cd-role",
            "assume_role_policy": "{\"Statement\":[{\"Action\":\"sts:AssumeRole\",\"Effect\":\"Allow\",\"Principal\":{\"Service\":\"ec2.amazonaws.com\"}}],\"Version\":\"2012-10-17\"}",
            "create_date": "2025-10-12T05:35:39Z",
            "description": "",
            "force_detach_policies": false,
            "id": "ci-cd-role",
            "inline_policy": [],
            "managed_policy_arns": [
              "arn:aws:iam::228490194709:policy/ci-cd-eks-policy",
              "arn:aws:iam::aws:policy/AWSCloudFormationFullAccess",
              "arn:aws:iam::aws:policy/AmazonEC2FullAccess",
              "arn:aws:iam::aws:policy/AmazonEKSClusterPolicy",
              "arn:aws:iam::aws:policy/AmazonEKSWorkerNodePolicy",
              "arn:aws:iam::aws:policy/AmazonEKS_CNI_Policy",
              "arn:aws:iam::aws:policy/IAMFullAccess"
            ],
            "max_session_duration": 3600,
            "name": "ci-cd-role",
            "name_prefix": "",
            "path": "/",
            "permissions_boundary": "",
            "tags": {},
            "tags_all": {},
            "unique_id": "AROATKMYTV4KUAIQCW74Q"
          },
          "sensitive_attributes": [],
          "identity_schema_version": 0,
          "identity": {
            "account_id": "228490194709",
            "name": "ci-cd-role"
          },
          "private": "bnVsbA=="
        }
      ]
    },
    {
      "mode": "managed",
      "type": "aws_iam_role_policy_attachment",
      "name": "cloudformation_full_access",
      "provider": "provider[\"registry.terraform.io/hashicorp/aws\"]",
      "instances": [
        {
          "schema_version": 0,
          "attributes": {
            "id": "ci-cd-role/arn:aws:iam::aws:policy/AWSCloudFormationFullAccess",
            "policy_arn": "arn:aws:iam::aws:policy/AWSCloudFormationFullAccess",
            "role": "ci-cd-role"
          },
          "sensitive_attributes": [],
          "identity_schema_version": 0,
          "identity": {
            "account_id": "228490194709",
            "policy_arn": "arn:aws:iam::aws:policy/AWSCloudFormationFullAccess",
            "role": "ci-cd-role"
          },
          "private": "bnVsbA==",
          "dependencies": [
            "aws_iam_role.ci_cd_role"
          ]
        }
      ]
    },
    {
      "mode": "managed",
      "type": "aws_iam_role_policy_attachment",
      "name": "ec2_full_access",
      "provider": "provider[\"registry.terraform.io/hashicorp/aws\"]",
      "instances": [
        {
          "schema_version": 0,
          "attributes": {
            "id": "ci-cd-role/arn:aws:iam::aws:policy/AmazonEC2FullAccess",
            "policy_arn": "arn:aws:iam::aws:policy/AmazonEC2FullAccess",
            "role": "ci-cd-role"
          },
          "sensitive_attributes": [],
          "identity_schema_version": 0,
          "identity": {
            "account_id": "228490194709",
            "policy_arn": "arn:aws:iam::aws:policy/AmazonEC2FullAccess",
            "role": "ci-cd-role"
          },
          "private": "bnVsbA==",
          "dependencies": [
            "aws_iam_role.ci_cd_role"
          ]
        }
      ]
    },
    {
      "mode": "managed",
      "type": "aws_iam_role_policy_attachment",
      "name": "eks_cluster_policy",
      "provider": "provider[\"registry.terraform.io/hashicorp/aws\"]",
      "instances": [
        {
          "schema_version": 0,
          "attributes": {
            "id": "ci-cd-role/arn:aws:iam::aws:policy/AmazonEKSClusterPolicy",
            "policy_arn": "arn:aws:iam::aws:policy/AmazonEKSClusterPolicy",
            "role": "ci-cd-role"
          },
          "sensitive_attributes": [],
          "identity_schema_version": 0,
          "identity": {
            "account_id": "228490194709",
            "policy_arn": "arn:aws:iam::aws:policy/AmazonEKSClusterPolicy",
            "role": "ci-cd-role"
          },
          "private": "bnVsbA==",
          "dependencies": [
            "aws_iam_role.ci_cd_role"
          ]
        }
      ]
    },
    {
      "mode": "managed",
      "type": "aws_iam_role_policy_attachment",
      "name": "eks_cni_policy",
      "provider": "provider[\"registry.terraform.io/hashicorp/aws\"]",
      "instances": [
        {
          "schema_version": 0,
          "attributes": {
            "id": "ci-cd-role/arn:aws:iam::aws:policy/AmazonEKS_CNI_Policy",
            "policy_arn": "arn:aws:iam::aws:policy/AmazonEKS_CNI_Policy",
            "role": "ci-cd-role"
          },
          "sensitive_attributes": [],
          "identity_schema_version": 0,
          "identity": {
            "account_id": "228490194709",
            "policy_arn": "arn:aws:iam::aws:policy/AmazonEKS_CNI_Policy",
            "role": "ci-cd-role"
          },
          "private": "bnVsbA==",
          "dependencies": [
            "aws_iam_role.ci_cd_role"
          ]
        }
      ]
    },
    {
      "mode": "managed",
      "type": "aws_iam_role_policy_attachment",
      "name": "eks_req_attach",
      "provider": "provider[\"registry.terraform.io/hashicorp/aws\"]",
      "instances": [
        {
          "schema_version": 0,
          "attributes": {
            "id": "ci-cd-role/arn:aws:iam::228490194709:policy/ci-cd-eks-policy",
            "policy_arn": "arn:aws:iam::228490194709:policy/ci-cd-eks-policy",
            "role": "ci-cd-role"
          },
          "sensitive_attributes": [],
          "identity_schema_version": 0,
          "identity": {
            "account_id": "228490194709",
            "policy_arn": "arn:aws:iam::228490194709:policy/ci-cd-eks-policy",
            "role": "ci-cd-role"
          },
          "private": "bnVsbA==",
          "dependencies": [
            "aws_iam_policy.eks_req",
            "aws_iam_role.ci_cd_role"
          ]
        }
      ]
    },
    {
      "mode": "managed",
      "type": "aws_iam_role_policy_attachment",
      "name": "eks_worker_node_policy",
      "provider": "provider[\"registry.terraform.io/hashicorp/aws\"]",
      "instances": [
        {
          "schema_version": 0,
          "attributes": {
            "id": "ci-cd-role/arn:aws:iam::aws:policy/AmazonEKSWorkerNodePolicy",
            "policy_arn": "arn:aws:iam::aws:policy/AmazonEKSWorkerNodePolicy",
            "role": "ci-cd-role"
          },
          "sensitive_attributes": [],
          "identity_schema_version": 0,
          "identity": {
            "account_id": "228490194709",
            "policy_arn": "arn:aws:iam::aws:policy/AmazonEKSWorkerNodePolicy",
            "role": "ci-cd-role"
          },
          "private": "bnVsbA==",
          "dependencies": [
            "aws_iam_role.ci_cd_role"
          ]
        }
      ]
    },
    {
      "mode": "managed",
      "type": "aws_iam_role_policy_attachment",
      "name": "iam_full_access",
      "provider": "provider[\"registry.terraform.io/hashicorp/aws\"]",
      "instances": [
        {
          "schema_version": 0,
          "attributes": {
            "id": "ci-cd-role/arn:aws:iam::aws:policy/IAMFullAccess",
            "policy_arn": "arn:aws:iam::aws:policy/IAMFullAccess",
            "role": "ci-cd-role"
          },
          "sensitive_attributes": [],
          "identity_schema_version": 0,
          "identity": {
            "account_id": "228490194709",
            "policy_arn": "arn:aws:iam::aws:policy/IAMFullAccess",
            "role": "ci-cd-role"
          },
          "private": "bnVsbA==",
          "dependencies": [
            "aws_iam_role.ci_cd_role"
          ]
        }
      ]
    },
    {
      "mode": "managed",
      "type": "aws_instance",
      "name": "ci_cd_instance",
      "provider": "provider[\"registry.terraform.io/hashicorp/aws\"]",
      "instances": [
        {
          "schema_version": 2,
          "attributes": {
            "ami": "ami-0360c520857e3138f",
            "arn": "arn:aws:ec2:us-east-1:228490194709:instance/i-08af582d758fa8c75",
            "associate_public_ip_address": true,
            "availability_zone": "us-east-1b",
            "capacity_reservation_specification": [
              {
                "capacity_reservation_preference": "open",
                "capacity_reservation_target": []
              }
            ],
            "cpu_options": [
              {
                "amd_sev_snp": "",
                "core_count": 2,
                "threads_per_core": 1
              }
            ],
            "credit_specification": [
              {
                "cpu_credits": "standard"
              }
            ],
            "disable_api_stop": false,
            "disable_api_termination": false,
            "ebs_block_device": [],
            "ebs_optimized": false,
            "enable_primary_ipv6": null,
            "enclave_options": [
              {
                "enabled": false
              }
            ],
            "ephemeral_block_device": [],
            "force_destroy": false,
            "get_password_data": false,
            "hibernation": false,
            "host_id": "",
            "host_resource_group_arn": null,
            "iam_instance_profile": "ci-cd-instance-profile",
            "id": "i-08af582d758fa8c75",
            "instance_initiated_shutdown_behavior": "stop",
            "instance_lifecycle": "",
            "instance_market_options": [],
            "instance_state": "running",
            "instance_type": "t2.large",
            "ipv6_address_count": 0,
            "ipv6_addresses": [],
            "key_name": "ci-cd-key-pair",
            "launch_template": [],
            "maintenance_options": [
              {
                "auto_recovery": "default"
              }
            ],
            "metadata_options": [
              {
                "http_endpoint": "enabled",
                "http_protocol_ipv6": "disabled",
                "http_put_response_hop_limit": 2,
                "http_tokens": "required",
                "instance_metadata_tags": "disabled"
              }
            ],
            "monitoring": false,
            "network_interface": [],
            "outpost_arn": "",
            "password_data": "",
            "placement_group": "",
            "placement_group_id": "",
            "placement_partition_number": 0,
            "primary_network_interface": [
              {
                "delete_on_termination": true,
                "network_interface_id": "eni-0580f6e0d97e55383"
              }
            ],
            "primary_network_interface_id": "eni-0580f6e0d97e55383",
            "private_dns": "ip-172-31-16-205.ec2.internal",
            "private_dns_name_options": [
              {
                "enable_resource_name_dns_a_record": false,
                "enable_resource_name_dns_aaaa_record": false,
                "hostname_type": "ip-name"
              }
            ],
            "private_ip": "172.31.16.205",
            "public_dns": "ec2-67-202-53-218.compute-1.amazonaws.com",
            "public_ip": "67.202.53.218",
            "region": "us-east-1",
            "root_block_device": [
              {
                "delete_on_termination": true,
                "device_name": "/dev/sda1",
                "encrypted": false,
                "iops": 3000,
                "kms_key_id": "",
                "tags": null,
                "tags_all": {},
                "throughput": 125,
                "volume_id": "vol-027b010de74db3196",
                "volume_size": 30,
                "volume_type": "gp3"
              }
            ],
            "secondary_private_ips": [],
            "security_groups": [
              "ci-cd-sg"
            ],
            "source_dest_check": true,
            "spot_instance_request_id": "",
            "subnet_id": "subnet-0fad877fd894c1f57",
            "tags": {
              "Name": "ci-cd-instance"
            },
            "tags_all": {
              "Name": "ci-cd-instance"
            },
            "tenancy": "default",
            "timeouts": null,
            "user_data": null,
            "user_data_base64": null,
            "user_data_replace_on_change": false,
            "volume_tags": null,
            "vpc_security_group_ids": [
              "sg-06308ab8480845324"
            ]
          },
          "sensitive_attributes": [],
          "identity_schema_version": 0,
          "identity": {
            "account_id": "228490194709",
            "id": "i-08af582d758fa8c75",
            "region": "us-east-1"
          },
          "private": "eyJlMmJmYjczMC1lY2FhLTExZTYtOGY4OC0zNDM2M2JjN2M0YzAiOnsiY3JlYXRlIjo2MDAwMDAwMDAwMDAsImRlbGV0ZSI6MTIwMDAwMDAwMDAwMCwicmVhZCI6OTAwMDAwMDAwMDAwLCJ1cGRhdGUiOjYwMDAwMDAwMDAwMH0sInNjaGVtYV92ZXJzaW9uIjoiMiJ9",
          "dependencies": [
            "aws_iam_instance_profile.ci_cd_profile",
            "aws_iam_role.ci_cd_role",
            "aws_key_pair.ci-cd-key-pair",
            "aws_security_group.ci-cd-sg",
            "tls_private_key.ci-cd-key-pair"
          ]
        }
      ]
    },
    {
      "mode": "managed",
      "type": "aws_key_pair",
      "name": "ci-cd-key-pair",
      "provider": "provider[\"registry.terraform.io/hashicorp/aws\"]",
      "instances": [
        {
          "schema_version": 1,
          "attributes": {
            "arn": "arn:aws:ec2:us-east-1:228490194709:key-pair/ci-cd-key-pair",
            "fingerprint": "5d:67:1e:02:93:9e:ee:66:26:2d:4e:07:5f:23:bc:c9",
            "id": "ci-cd-key-pair",
            "key_name": "ci-cd-key-pair",
            "key_name_prefix": "",
            "key_pair_id": "key-0faaef7e74fb6b900",
            "key_type": "rsa",
            "public_key": "ssh-rsa AAAAB3NzaC1yc2EAAAADAQABAAABAQDONEbkM1qWxyMCgjZ0fXkpmR6Hz7OnMRd0JTSg2C7l9doDJoWI7XrfXaP5KZhpDejOt+wAKr+RitMr8NlONFvF3KjzqiO5w1jeCZvAXISnS+j+xxHvFwC6pt8P4w9f6mWhTccYCvdVxCBg2AxibohtGhYiqSWoer82ZXOi3WgvduVyJxdaxcezEdgr5Hz4/OSWrCnPxAlTSND7fnFePyO1PavO1Qosemnh+Nho2d6ukh5mruj03kXzCwdZlvIfQN9TZGScEPv3YyTrZM+Jz/Go8GU7QiFR3/Qv8/hVGauNICmsNAHlJfG8vCxoHA1pHJuM2RUmtNbW1cUhgN3PlEAV",
            "region": "us-east-1",
            "tags": {},
            "tags_all": {}
          },
          "sensitive_attributes": [],
          "identity_schema_version": 0,
          "private": "eyJzY2hlbWFfdmVyc2lvbiI6IjEifQ==",
          "dependencies": [
            "tls_private_key.ci-cd-key-pair"
          ]
        }
      ]
    },
    {
      "mode": "managed",
      "type": "aws_key_pair",
      "name": "cluster-key",
      "provider": "provider[\"registry.terraform.io/hashicorp/aws\"]",
      "instances": [
        {
          "schema_version": 1,
          "attributes": {
            "arn": "arn:aws:ec2:us-east-1:228490194709:key-pair/cluster-key",
            "fingerprint": "cf:8a:59:e1:87:10:4f:9e:e0:69:f1:bc:7e:73:9c:d3",
            "id": "cluster-key",
            "key_name": "cluster-key",
            "key_name_prefix": "",
            "key_pair_id": "key-0639f354d12dfaf61",
            "key_type": "rsa",
            "public_key": "ssh-rsa AAAAB3NzaC1yc2EAAAADAQABAAABAQDTU/+sT18YC2Sx0UqCPHx+45IxfIl6BMKXmouSzwt+szL7HJhWx0Ip+6fCO9VhqVeCV2qa4f8rixB4GP2AKCov40bkBdWM/WrFvQpfoipXBAY5pIA7j4y3LvDDElfs2mWuh9zujxYVoEpDtWIbkivJwRQeROMHYeTjnW/TIS0MZ9zvrRxJg/XoFwPd2MIUC2g+iuZWmwv0eTQywhmlIdK3Gzyum6rLMyU1WXoUUT18swAYeoZN6ggenL+1WIJPwRhYXsYPo+AHdrZan6Gq0+mfBfGtFPpK0I9wKyoSykI1QY+OlTcHJyorAZEQRdBqxAUPxPmD+sUrcInZHEGTa2VP",
            "region": "us-east-1",
            "tags": {},
            "tags_all": {}
          },
          "sensitive_attributes": [],
          "identity_schema_version": 0,
          "private": "eyJzY2hlbWFfdmVyc2lvbiI6IjEifQ==",
          "dependencies": [
            "tls_private_key.cluster-key"
          ]
        }
      ]
    },
    {
      "mode": "managed",
      "type": "aws_security_group",
      "name": "ci-cd-sg",
      "provider": "provider[\"registry.terraform.io/hashicorp/aws\"]",
      "instances": [
        {
          "schema_version": 1,
          "attributes": {
            "arn": "arn:aws:ec2:us-east-1:228490194709:security-group/sg-06308ab8480845324",
            "description": "Managed by Terraform",
            "egress": [
              {
                "cidr_blocks": [
                  "0.0.0.0/0"
                ],
                "description": "",
                "from_port": 0,
                "ipv6_cidr_blocks": [],
                "prefix_list_ids": [],
                "protocol": "-1",
                "security_groups": [],
                "self": false,
                "to_port": 0
              }
            ],
            "id": "sg-06308ab8480845324",
            "ingress": [
              {
                "cidr_blocks": [
                  "0.0.0.0/0"
                ],
                "description": "",
                "from_port": 22,
                "ipv6_cidr_blocks": [],
                "prefix_list_ids": [],
                "protocol": "tcp",
                "security_groups": [],
                "self": false,
                "to_port": 22
              },
              {
                "cidr_blocks": [
                  "0.0.0.0/0"
                ],
                "description": "",
                "from_port": 25,
                "ipv6_cidr_blocks": [],
                "prefix_list_ids": [],
                "protocol": "tcp",
                "security_groups": [],
                "self": false,
                "to_port": 25
              },
              {
                "cidr_blocks": [
                  "0.0.0.0/0"
                ],
                "description": "",
                "from_port": 27017,
                "ipv6_cidr_blocks": [],
                "prefix_list_ids": [],
                "protocol": "tcp",
                "security_groups": [],
                "self": false,
                "to_port": 27017
              },
              {
                "cidr_blocks": [
                  "0.0.0.0/0"
                ],
                "description": "",
                "from_port": 30000,
                "ipv6_cidr_blocks": [],
                "prefix_list_ids": [],
                "protocol": "tcp",
                "security_groups": [],
                "self": false,
                "to_port": 32767
              },
              {
                "cidr_blocks": [
                  "0.0.0.0/0"
                ],
                "description": "",
                "from_port": 3000,
                "ipv6_cidr_blocks": [],
                "prefix_list_ids": [],
                "protocol": "tcp",
                "security_groups": [],
                "self": false,
                "to_port": 10000
              },
              {
                "cidr_blocks": [
                  "0.0.0.0/0"
                ],
                "description": "",
                "from_port": 443,
                "ipv6_cidr_blocks": [],
                "prefix_list_ids": [],
                "protocol": "tcp",
                "security_groups": [],
                "self": false,
                "to_port": 443
              },
              {
                "cidr_blocks": [
                  "0.0.0.0/0"
                ],
                "description": "",
                "from_port": 465,
                "ipv6_cidr_blocks": [],
                "prefix_list_ids": [],
                "protocol": "tcp",
                "security_groups": [],
                "self": false,
                "to_port": 465
              },
              {
                "cidr_blocks": [
                  "0.0.0.0/0"
                ],
                "description": "",
                "from_port": 6443,
                "ipv6_cidr_blocks": [],
                "prefix_list_ids": [],
                "protocol": "tcp",
                "security_groups": [],
                "self": false,
                "to_port": 6443
              },
              {
                "cidr_blocks": [
                  "0.0.0.0/0"
                ],
                "description": "",
                "from_port": 80,
                "ipv6_cidr_blocks": [],
                "prefix_list_ids": [],
                "protocol": "tcp",
                "security_groups": [],
                "self": false,
                "to_port": 80
              }
            ],
            "name": "ci-cd-sg",
            "name_prefix": "",
            "owner_id": "228490194709",
            "region": "us-east-1",
            "revoke_rules_on_delete": false,
            "tags": {},
            "tags_all": {},
            "timeouts": null,
            "vpc_id": "vpc-0c1989a6052a65ccd"
          },
          "sensitive_attributes": [],
          "identity_schema_version": 0,
          "identity": {
            "account_id": "228490194709",
            "id": "sg-06308ab8480845324",
            "region": "us-east-1"
          },
          "private": "eyJlMmJmYjczMC1lY2FhLTExZTYtOGY4OC0zNDM2M2JjN2M0YzAiOnsiY3JlYXRlIjo2MDAwMDAwMDAwMDAsImRlbGV0ZSI6OTAwMDAwMDAwMDAwfSwic2NoZW1hX3ZlcnNpb24iOiIxIn0="
        }
      ]
    },
    {
      "mode": "managed",
      "type": "local_file",
      "name": "cluster_private_key",
      "provider": "provider[\"registry.terraform.io/hashicorp/local\"]",
      "instances": [
        {
          "schema_version": 0,
          "attributes": {
            "content": "-----BEGIN RSA PRIVATE KEY-----\nMIIEogIBAAKCAQEA01P/rE9fGAtksdFKgjx8fuOSMXyJegTCl5qLks8LfrMy+xyY\nVsdCKfunwjvVYalXgldqmuH/K4sQeBj9gCgqL+NG5AXVjP1qxb0KX6IqVwQGOaSA\nO4+Mty7wwxJX7Nplrofc7o8WFaBKQ7ViG5IrycEUHkTjB2Hk451v0yEtDGfc760c\nSYP16BcD3djCFAtoPormVpsL9Hk0MsIZpSHStxs8rpuqyzMlNVl6FFE9fLMAGHqG\nTeoIHpy/tViCT8EYWF7GD6PgB3a2Wp+hqtPpnwXxrRT6StCPcCsqEspCNUGPjpU3\nBycqKwGREEXQasQFD8T5g/rFK3CJ2RxBk2tlTwIDAQABAoIBAAifff3CdAS6UPQJ\nMGCgZjYT7smyerZDY8tQL4911P1pA39dRda4pQ8Afp0S2EdMDnmPkUEw+pAEyc8U\nufdU7DptrDKuuELbWP7TkrefRC9ZHIXqm/Q84cbcaqToZoplc6O2VddYIv8Ok36F\ndAjgTdrFfvQokcOh2iHy28wXfPaWDVPJ+HZFwjQ+5HqDUvAPCoMblBwQXfWVpC3Z\nXY6Z+etJcvTdmqr00KE+r7yVfyxO1CofUIZWQu4AfrE8L4+9n9RT7ggn2ko0Y7I0\nLFYBGtPMDSKRWJ2Gff++D6pPcUUSG69W4kIriLsQfxSrKl8T5oxjpc715xHoWFda\nvwt49R0CgYEA+tm8tmj/z0kY+2tGG6wYs6UKN35P/Iv5y/spb3lEzeZap6uIlqzg\nPLNm0Xs1nguKius/gbygGf69nm/Mt6HL3YbZI44S12nTjPTm+pZi3UK3lH/DXeSP\noN11o7wRQhYX/Q/wVgZ3Ncl+mHKlvSQUGaisIzSwlPNXLSfysZ+Y7iMCgYEA16qQ\nf+R731VJTcQCwWW7el14hmq7SUxLm4OJ2fXJynlpG9WpEcyWX8xhUzpsfZ6xnFG8\n5PpTbgsfBxE5lBaO0rMqn80wXePzTEAYfcVfqEiQtj47p7U8t6o8tJbJwvr8463t\nsFGFF7pgORMYY5pUb81yQz2v4iclm5WA9UteIOUCgYBS5QsomFAYlsZLpyp20Isl\nKl/S8MnL4hG9J5WMwd1L0ViZ2eR8Lkq3pG1Qwk94l8XDnHPTEpsxm+3bYoSbFjuB\nTCOLTVLKnq0LAo8ltfabuYVi7EmKSJJyDVznq6lkVlq9BLxeISrZumk8RX6hnz+J\nLyUbSTklL7jaMj5QFjZ6UwKBgHnJnxop2+3tipy4sNmn6mwadqJpiWPGCvhCGsmT\n7CVD1KBcUsJzZwOoNdm7J2L1B9V/rw0bc5uz+gySpJJE/thrRwnA5KxQuqb3lx0H\nJZKxj87qa+O0DBqnrupIMJ3EAKVOJeio0GDq5cW1S9OLZl1QhlMEddtfQfSPQ6jB\nq+ElAoGAOis8JVjLbyJme4qM5HcVQOrnqlNw0ZJDIlgbmaLcHM0zHKCEwiov737d\n3fK8IRfp5k3y472JTdJOcS+EPaSJwXjz9riFnqbM4k1/WO/aQGP1dJZE+R+BjJ+o\nSwgrz577FvBBUUbimjkzIHcdq6NFKZ1OYmcqL3timoYRp6lTzmo=\n-----END RSA PRIVATE KEY-----\n",
            "content_base64": null,
            "content_base64sha256": "aXGJsG+oZPPS0cy8IXCY0A1JDzzvU1yQvylnJne8o7A=",
            "content_base64sha512": "P/QDqAKNIqP7bgb51PaN44PsnA/X6znVBSugMdUKQ9rH6PN9DI22nR/eava2XYI2ljRCeP5iBDIrd6R9whoU3w==",
            "content_md5": "06af3601ef9bce3be186a79281d6ff19",
            "content_sha1": "1a9bb1543aaf9b7d09fc6b1f10f5d0faefb1dc88",
            "content_sha256": "697189b06fa864f3d2d1ccbc217098d00d490f3cef535c90bf29672677bca3b0",
            "content_sha512": "3ff403a8028d22a3fb6e06f9d4f68de383ec9c0fd7eb39d5052ba031d50a43dac7e8f37d0c8db69d1fde6af6b65d823696344278fe6204322b77a47dc21a14df",
            "directory_permission": "0777",
            "file_permission": "0777",
            "filename": "./cluster-key.pem",
            "id": "1a9bb1543aaf9b7d09fc6b1f10f5d0faefb1dc88",
            "sensitive_content": null,
            "source": null
          },
          "sensitive_attributes": [
            [
              {
                "type": "get_attr",
                "value": "content"
              }
            ],
            [
              {
                "type": "get_attr",
                "value": "sensitive_content"
              }
            ]
          ],
          "identity_schema_version": 0,
          "dependencies": [
            "tls_private_key.cluster-key"
          ]
        }
      ]
    },
    {
      "mode": "managed",
      "type": "local_file",
      "name": "private_key",
      "provider": "provider[\"registry.terraform.io/hashicorp/local\"]",
      "instances": [
        {
          "schema_version": 0,
          "attributes": {
            "content": "-----BEGIN RSA PRIVATE KEY-----\nMIIEpAIBAAKCAQEAzjRG5DNalscjAoI2dH15KZkeh8+zpzEXdCU0oNgu5fXaAyaF\niO16312j+SmYaQ3ozrfsACq/kYrTK/DZTjRbxdyo86ojucNY3gmbwFyEp0vo/scR\n7xcAuqbfD+MPX+ploU3HGAr3VcQgYNgMYm6IbRoWIqklqHq/NmVzot1oL3blcicX\nWsXHsxHYK+R8+Pzklqwpz8QJU0jQ+35xXj8jtT2rztUKLHpp4fjYaNnerpIeZq7o\n9N5F8wsHWZbyH0DfU2RknBD792Mk62TPic/xqPBlO0IhUd/0L/P4VRmrjSAprDQB\n5SXxvLwsaBwNaRybjNkVJrTW1tXFIYDdz5RAFQIDAQABAoIBAAMpTIPvoJ4qp+gA\nMI8JJGwll5D793Ri/YnPjza/Ebr/UawWMVpnz6gwgpTNlTNZHf5bVgArp5u23eVw\n0BgRl+2Y5DM2Is2Uh96BlbR1hqgc8xHC4gzBFMcHy2guMjxldtDqBRkig+e59cge\nT9RLfwZzLa8y2iuy1A8kr4jp7ZC6shzjYPNliinaDqgQsDC3hqDG/w0MbRXALYEq\nirH3NYLCMeIgCFS6e7UDFtwzwvswd3K3IVCfjMWHcRsjjiozN4oFffj4ADdxftPQ\npdslOzzjB/WIpxoOP9Pes+tqmD7kEaGFOflYRYeA5TiP1sh5PLe+OCURzEQk96VQ\nLZgak6ECgYEA8KyzPTeWEiHRtqnWTbMWbHotQnWWJqZuQYSpxmjJyeYKCt1zfKo5\n0mTepeK2IML+jhzSet7AKalmJB+UCpirFYVrlcMfgMu1B0mHBYgr9B99kcAgdPoN\nmJHY35iScCf44LnEj15WIYemBMKADWDumPfe3LNHsJ5GXaa6L7l4AzUCgYEA21Wq\nawrriaTQJhAj53JOVeRpCRm5KGD8ox9tEUFIYu0mmSdq/b2qaN0E09vothkR1zN7\nusb55LkwCDbZXCeD1BAU9rtk+ycq1H4C0UHC+iF9T81F0Z3c9h4ApvFEHgjGljBz\nBA6dptyAqdr4+WQ3pLJr8vJ0IlmfkrjtDKs/BWECgYEA0pN4O/6vqmu2rqjI3bDs\n1LrNcNGrL2P9Igwt83Bp5eIFNV5vFktmTgR9ngzPp7iUusjTDDhrT8hsmvyaLe9H\n+YuEB0PzA2C4ooidv6RWOMF4v5anj1HdpXkulOxMbB89LXq8VWiH2cxy4MVA/vOp\nr2NotheSiSDiljwzuWAAdmUCgYEAxvn6Nk2bzCzmYAF4cPkzs5wY5ZaecNE7n8hc\nq7CruIMn5vzphPPRanxHauMvRDOOCcq8zn7AKQ0PVAReP8nhQDquqf7q5yVrJ4aB\ni9C6zywegIzacAVkdSpWsRxjDVQsxAeD8ARKZRvY5T6va5/NEu6CG850KM1hhDub\nYUjhTUECgYAQhcLv4lHambourVM1etFpU5KDmsv5DCkkBCoHjzuMuebc5CcLcnmB\n747HxborQjjJu2Dv0Pa/YbmWri8v4TuX3lkHAg8UGz6QSQeLhGTKYSBWVRViNtuN\noH6RKzGa+XpYSNKAfPhcS/CUJ3o6Z7jr5qXOuQiro+Tvqb+AC5536A==\n-----END RSA PRIVATE KEY-----\n",
            "content_base64": null,
            "content_base64sha256": "i++R7f4uageL/upmXz9yUvnkXg9jwVroR73n3x9D9mE=",
            "content_base64sha512": "wnsmgggf0ruq48rr2Z1HcH4c/cGp8d2e+xOhJAYaryyHrRRV3eNUS9cVwZeGg7fGy00TUzPb1kqM8ZvrN0wkmg==",
            "content_md5": "f03c9ad96f2e602a160397c2667e84b5",
            "content_sha1": "4fddf233bb35c9aee91ca5972b9da5e5f53858d9",
            "content_sha256": "8bef91edfe2e6a078bfeea665f3f7252f9e45e0f63c15ae847bde7df1f43f661",
            "content_sha512": "c27b2682081fd2bbaae3caebd99d47707e1cfdc1a9f1dd9efb13a124061aaf2c87ad1455dde3544bd715c1978683b7c6cb4d135333dbd64a8cf19beb374c249a",
            "directory_permission": "0777",
            "file_permission": "0777",
            "filename": "./my-key.pem",
            "id": "4fddf233bb35c9aee91ca5972b9da5e5f53858d9",
            "sensitive_content": null,
            "source": null
          },
          "sensitive_attributes": [
            [
              {
                "type": "get_attr",
                "value": "content"
              }
            ],
            [
              {
                "type": "get_attr",
                "value": "sensitive_content"
              }
            ]
          ],
          "identity_schema_version": 0,
          "dependencies": [
            "tls_private_key.ci-cd-key-pair"
          ]
        }
      ]
    },
    {
      "mode": "managed",
      "type": "tls_private_key",
      "name": "ci-cd-key-pair",
      "provider": "provider[\"registry.terraform.io/hashicorp/tls\"]",
      "instances": [
        {
          "schema_version": 1,
          "attributes": {
            "algorithm": "RSA",
            "ecdsa_curve": "P224",
            "id": "c895a4dacaf11796d287280221272c4751f1271e",
            "private_key_openssh": "-----BEGIN OPENSSH PRIVATE KEY-----\nb3BlbnNzaC1rZXktdjEAAAAABG5vbmUAAAAEbm9uZQAAAAAAAAABAAABFwAAAAdz\nc2gtcnNhAAAAAwEAAQAAAQEAzjRG5DNalscjAoI2dH15KZkeh8+zpzEXdCU0oNgu\n5fXaAyaFiO16312j+SmYaQ3ozrfsACq/kYrTK/DZTjRbxdyo86ojucNY3gmbwFyE\np0vo/scR7xcAuqbfD+MPX+ploU3HGAr3VcQgYNgMYm6IbRoWIqklqHq/NmVzot1o\nL3blcicXWsXHsxHYK+R8+Pzklqwpz8QJU0jQ+35xXj8jtT2rztUKLHpp4fjYaNne\nrpIeZq7o9N5F8wsHWZbyH0DfU2RknBD792Mk62TPic/xqPBlO0IhUd/0L/P4VRmr\njSAprDQB5SXxvLwsaBwNaRybjNkVJrTW1tXFIYDdz5RAFQAAA7j7jByq+4wcqgAA\nAAdzc2gtcnNhAAABAQDONEbkM1qWxyMCgjZ0fXkpmR6Hz7OnMRd0JTSg2C7l9doD\nJoWI7XrfXaP5KZhpDejOt+wAKr+RitMr8NlONFvF3KjzqiO5w1jeCZvAXISnS+j+\nxxHvFwC6pt8P4w9f6mWhTccYCvdVxCBg2AxibohtGhYiqSWoer82ZXOi3WgvduVy\nJxdaxcezEdgr5Hz4/OSWrCnPxAlTSND7fnFePyO1PavO1Qosemnh+Nho2d6ukh5m\nruj03kXzCwdZlvIfQN9TZGScEPv3YyTrZM+Jz/Go8GU7QiFR3/Qv8/hVGauNICms\nNAHlJfG8vCxoHA1pHJuM2RUmtNbW1cUhgN3PlEAVAAAAAwEAAQAAAQADKUyD76Ce\nKqfoADCPCSRsJZeQ+/d0Yv2Jz482vxG6/1GsFjFaZ8+oMIKUzZUzWR3+W1YAK6eb\ntt3lcNAYEZftmOQzNiLNlIfegZW0dYaoHPMRwuIMwRTHB8toLjI8ZXbQ6gUZIoPn\nufXIHk/US38Gcy2vMtorstQPJK+I6e2QurIc42DzZYop2g6oELAwt4agxv8NDG0V\nwC2BKoqx9zWCwjHiIAhUunu1AxbcM8L7MHdytyFQn4zFh3EbI44qMzeKBX34+AA3\ncX7T0KXbJTs84wf1iKcaDj/T3rPrapg+5BGhhTn5WEWHgOU4j9bIeTy3vjglEcxE\nJPelUC2YGpOhAAAAgBCFwu/iUdqZui6tUzV60WlTkoOay/kMKSQEKgePO4y55tzk\nJwtyeYHvjsfFuitCOMm7YO/Q9r9huZauLy/hO5feWQcCDxQbPpBJB4uEZMphIFZV\nFWI2242gfpErMZr5elhI0oB8+FxL8JQnejpnuOvmpc65CKuj5O+pv4ALnnfoAAAA\ngQDwrLM9N5YSIdG2qdZNsxZsei1CdZYmpm5BhKnGaMnJ5goK3XN8qjnSZN6l4rYg\nwv6OHNJ63sApqWYkH5QKmKsVhWuVwx+Ay7UHSYcFiCv0H32RwCB0+g2YkdjfmJJw\nJ/jgucSPXlYhh6YEwoANYO6Y997cs0ewnkZdprovuXgDNQAAAIEA21WqawrriaTQ\nJhAj53JOVeRpCRm5KGD8ox9tEUFIYu0mmSdq/b2qaN0E09vothkR1zN7usb55Lkw\nCDbZXCeD1BAU9rtk+ycq1H4C0UHC+iF9T81F0Z3c9h4ApvFEHgjGljBzBA6dptyA\nqdr4+WQ3pLJr8vJ0IlmfkrjtDKs/BWEAAAAAAQID\n-----END OPENSSH PRIVATE KEY-----\n",
            "private_key_pem": "-----BEGIN RSA PRIVATE KEY-----\nMIIEpAIBAAKCAQEAzjRG5DNalscjAoI2dH15KZkeh8+zpzEXdCU0oNgu5fXaAyaF\niO16312j+SmYaQ3ozrfsACq/kYrTK/DZTjRbxdyo86ojucNY3gmbwFyEp0vo/scR\n7xcAuqbfD+MPX+ploU3HGAr3VcQgYNgMYm6IbRoWIqklqHq/NmVzot1oL3blcicX\nWsXHsxHYK+R8+Pzklqwpz8QJU0jQ+35xXj8jtT2rztUKLHpp4fjYaNnerpIeZq7o\n9N5F8wsHWZbyH0DfU2RknBD792Mk62TPic/xqPBlO0IhUd/0L/P4VRmrjSAprDQB\n5SXxvLwsaBwNaRybjNkVJrTW1tXFIYDdz5RAFQIDAQABAoIBAAMpTIPvoJ4qp+gA\nMI8JJGwll5D793Ri/YnPjza/Ebr/UawWMVpnz6gwgpTNlTNZHf5bVgArp5u23eVw\n0BgRl+2Y5DM2Is2Uh96BlbR1hqgc8xHC4gzBFMcHy2guMjxldtDqBRkig+e59cge\nT9RLfwZzLa8y2iuy1A8kr4jp7ZC6shzjYPNliinaDqgQsDC3hqDG/w0MbRXALYEq\nirH3NYLCMeIgCFS6e7UDFtwzwvswd3K3IVCfjMWHcRsjjiozN4oFffj4ADdxftPQ\npdslOzzjB/WIpxoOP9Pes+tqmD7kEaGFOflYRYeA5TiP1sh5PLe+OCURzEQk96VQ\nLZgak6ECgYEA8KyzPTeWEiHRtqnWTbMWbHotQnWWJqZuQYSpxmjJyeYKCt1zfKo5\n0mTepeK2IML+jhzSet7AKalmJB+UCpirFYVrlcMfgMu1B0mHBYgr9B99kcAgdPoN\nmJHY35iScCf44LnEj15WIYemBMKADWDumPfe3LNHsJ5GXaa6L7l4AzUCgYEA21Wq\nawrriaTQJhAj53JOVeRpCRm5KGD8ox9tEUFIYu0mmSdq/b2qaN0E09vothkR1zN7\nusb55LkwCDbZXCeD1BAU9rtk+ycq1H4C0UHC+iF9T81F0Z3c9h4ApvFEHgjGljBz\nBA6dptyAqdr4+WQ3pLJr8vJ0IlmfkrjtDKs/BWECgYEA0pN4O/6vqmu2rqjI3bDs\n1LrNcNGrL2P9Igwt83Bp5eIFNV5vFktmTgR9ngzPp7iUusjTDDhrT8hsmvyaLe9H\n+YuEB0PzA2C4ooidv6RWOMF4v5anj1HdpXkulOxMbB89LXq8VWiH2cxy4MVA/vOp\nr2NotheSiSDiljwzuWAAdmUCgYEAxvn6Nk2bzCzmYAF4cPkzs5wY5ZaecNE7n8hc\nq7CruIMn5vzphPPRanxHauMvRDOOCcq8zn7AKQ0PVAReP8nhQDquqf7q5yVrJ4aB\ni9C6zywegIzacAVkdSpWsRxjDVQsxAeD8ARKZRvY5T6va5/NEu6CG850KM1hhDub\nYUjhTUECgYAQhcLv4lHambourVM1etFpU5KDmsv5DCkkBCoHjzuMuebc5CcLcnmB\n747HxborQjjJu2Dv0Pa/YbmWri8v4TuX3lkHAg8UGz6QSQeLhGTKYSBWVRViNtuN\noH6RKzGa+XpYSNKAfPhcS/CUJ3o6Z7jr5qXOuQiro+Tvqb+AC5536A==\n-----END RSA PRIVATE KEY-----\n",
            "private_key_pem_pkcs8": "-----BEGIN PRIVATE KEY-----\nMIIEvgIBADANBgkqhkiG9w0BAQEFAASCBKgwggSkAgEAAoIBAQDONEbkM1qWxyMC\ngjZ0fXkpmR6Hz7OnMRd0JTSg2C7l9doDJoWI7XrfXaP5KZhpDejOt+wAKr+RitMr\n8NlONFvF3KjzqiO5w1jeCZvAXISnS+j+xxHvFwC6pt8P4w9f6mWhTccYCvdVxCBg\n2AxibohtGhYiqSWoer82ZXOi3WgvduVyJxdaxcezEdgr5Hz4/OSWrCnPxAlTSND7\nfnFePyO1PavO1Qosemnh+Nho2d6ukh5mruj03kXzCwdZlvIfQN9TZGScEPv3YyTr\nZM+Jz/Go8GU7QiFR3/Qv8/hVGauNICmsNAHlJfG8vCxoHA1pHJuM2RUmtNbW1cUh\ngN3PlEAVAgMBAAECggEAAylMg++gniqn6AAwjwkkbCWXkPv3dGL9ic+PNr8Ruv9R\nrBYxWmfPqDCClM2VM1kd/ltWACunm7bd5XDQGBGX7ZjkMzYizZSH3oGVtHWGqBzz\nEcLiDMEUxwfLaC4yPGV20OoFGSKD57n1yB5P1Et/BnMtrzLaK7LUDySviOntkLqy\nHONg82WKKdoOqBCwMLeGoMb/DQxtFcAtgSqKsfc1gsIx4iAIVLp7tQMW3DPC+zB3\ncrchUJ+MxYdxGyOOKjM3igV9+PgAN3F+09Cl2yU7POMH9YinGg4/096z62qYPuQR\noYU5+VhFh4DlOI/WyHk8t744JRHMRCT3pVAtmBqToQKBgQDwrLM9N5YSIdG2qdZN\nsxZsei1CdZYmpm5BhKnGaMnJ5goK3XN8qjnSZN6l4rYgwv6OHNJ63sApqWYkH5QK\nmKsVhWuVwx+Ay7UHSYcFiCv0H32RwCB0+g2YkdjfmJJwJ/jgucSPXlYhh6YEwoAN\nYO6Y997cs0ewnkZdprovuXgDNQKBgQDbVaprCuuJpNAmECPnck5V5GkJGbkoYPyj\nH20RQUhi7SaZJ2r9vapo3QTT2+i2GRHXM3u6xvnkuTAINtlcJ4PUEBT2u2T7JyrU\nfgLRQcL6IX1PzUXRndz2HgCm8UQeCMaWMHMEDp2m3ICp2vj5ZDeksmvy8nQiWZ+S\nuO0Mqz8FYQKBgQDSk3g7/q+qa7auqMjdsOzUus1w0asvY/0iDC3zcGnl4gU1Xm8W\nS2ZOBH2eDM+nuJS6yNMMOGtPyGya/Jot70f5i4QHQ/MDYLiiiJ2/pFY4wXi/lqeP\nUd2leS6U7ExsHz0terxVaIfZzHLgxUD+86mvY2i2F5KJIOKWPDO5YAB2ZQKBgQDG\n+fo2TZvMLOZgAXhw+TOznBjllp5w0TufyFyrsKu4gyfm/OmE89FqfEdq4y9EM44J\nyrzOfsApDQ9UBF4/yeFAOq6p/urnJWsnhoGL0LrPLB6AjNpwBWR1KlaxHGMNVCzE\nB4PwBEplG9jlPq9rn80S7oIbznQozWGEO5thSOFNQQKBgBCFwu/iUdqZui6tUzV6\n0WlTkoOay/kMKSQEKgePO4y55tzkJwtyeYHvjsfFuitCOMm7YO/Q9r9huZauLy/h\nO5feWQcCDxQbPpBJB4uEZMphIFZVFWI2242gfpErMZr5elhI0oB8+FxL8JQnejpn\nuOvmpc65CKuj5O+pv4ALnnfo\n-----END PRIVATE KEY-----\n",
            "public_key_fingerprint_md5": "04:f6:0e:17:5c:bd:ed:b8:a5:cf:3c:5a:63:77:16:7e",
            "public_key_fingerprint_sha256": "SHA256:JGn4Ldl0eRDatlpf1tMwHTRV6rdLh9aCZgHFylHvTCc",
            "public_key_openssh": "ssh-rsa AAAAB3NzaC1yc2EAAAADAQABAAABAQDONEbkM1qWxyMCgjZ0fXkpmR6Hz7OnMRd0JTSg2C7l9doDJoWI7XrfXaP5KZhpDejOt+wAKr+RitMr8NlONFvF3KjzqiO5w1jeCZvAXISnS+j+xxHvFwC6pt8P4w9f6mWhTccYCvdVxCBg2AxibohtGhYiqSWoer82ZXOi3WgvduVyJxdaxcezEdgr5Hz4/OSWrCnPxAlTSND7fnFePyO1PavO1Qosemnh+Nho2d6ukh5mruj03kXzCwdZlvIfQN9TZGScEPv3YyTrZM+Jz/Go8GU7QiFR3/Qv8/hVGauNICmsNAHlJfG8vCxoHA1pHJuM2RUmtNbW1cUhgN3PlEAV\n",
            "public_key_pem": "-----BEGIN PUBLIC KEY-----\nMIIBIjANBgkqhkiG9w0BAQEFAAOCAQ8AMIIBCgKCAQEAzjRG5DNalscjAoI2dH15\nKZkeh8+zpzEXdCU0oNgu5fXaAyaFiO16312j+SmYaQ3ozrfsACq/kYrTK/DZTjRb\nxdyo86ojucNY3gmbwFyEp0vo/scR7xcAuqbfD+MPX+ploU3HGAr3VcQgYNgMYm6I\nbRoWIqklqHq/NmVzot1oL3blcicXWsXHsxHYK+R8+Pzklqwpz8QJU0jQ+35xXj8j\ntT2rztUKLHpp4fjYaNnerpIeZq7o9N5F8wsHWZbyH0DfU2RknBD792Mk62TPic/x\nqPBlO0IhUd/0L/P4VRmrjSAprDQB5SXxvLwsaBwNaRybjNkVJrTW1tXFIYDdz5RA\nFQIDAQAB\n-----END PUBLIC KEY-----\n",
            "rsa_bits": 2048
          },
          "sensitive_attributes": [
            [
              {
                "type": "get_attr",
                "value": "private_key_openssh"
              }
            ],
            [
              {
                "type": "get_attr",
                "value": "private_key_pem"
              }
            ],
            [
              {
                "type": "get_attr",
                "value": "private_key_pem_pkcs8"
              }
            ]
          ],
          "identity_schema_version": 0
        }
      ]
    },
    {
      "mode": "managed",
      "type": "tls_private_key",
      "name": "cluster-key",
      "provider": "provider[\"registry.terraform.io/hashicorp/tls\"]",
      "instances": [
        {
          "schema_version": 1,
          "attributes": {
            "algorithm": "RSA",
            "ecdsa_curve": "P224",
            "id": "791e00b5300c31d4c5cf530b370f0c74b09bb48d",
            "private_key_openssh": "-----BEGIN OPENSSH PRIVATE KEY-----\nb3BlbnNzaC1rZXktdjEAAAAABG5vbmUAAAAEbm9uZQAAAAAAAAABAAABFwAAAAdz\nc2gtcnNhAAAAAwEAAQAAAQEA01P/rE9fGAtksdFKgjx8fuOSMXyJegTCl5qLks8L\nfrMy+xyYVsdCKfunwjvVYalXgldqmuH/K4sQeBj9gCgqL+NG5AXVjP1qxb0KX6Iq\nVwQGOaSAO4+Mty7wwxJX7Nplrofc7o8WFaBKQ7ViG5IrycEUHkTjB2Hk451v0yEt\nDGfc760cSYP16BcD3djCFAtoPormVpsL9Hk0MsIZpSHStxs8rpuqyzMlNVl6FFE9\nfLMAGHqGTeoIHpy/tViCT8EYWF7GD6PgB3a2Wp+hqtPpnwXxrRT6StCPcCsqEspC\nNUGPjpU3BycqKwGREEXQasQFD8T5g/rFK3CJ2RxBk2tlTwAAA7jvbDUa72w1GgAA\nAAdzc2gtcnNhAAABAQDTU/+sT18YC2Sx0UqCPHx+45IxfIl6BMKXmouSzwt+szL7\nHJhWx0Ip+6fCO9VhqVeCV2qa4f8rixB4GP2AKCov40bkBdWM/WrFvQpfoipXBAY5\npIA7j4y3LvDDElfs2mWuh9zujxYVoEpDtWIbkivJwRQeROMHYeTjnW/TIS0MZ9zv\nrRxJg/XoFwPd2MIUC2g+iuZWmwv0eTQywhmlIdK3Gzyum6rLMyU1WXoUUT18swAY\neoZN6ggenL+1WIJPwRhYXsYPo+AHdrZan6Gq0+mfBfGtFPpK0I9wKyoSykI1QY+O\nlTcHJyorAZEQRdBqxAUPxPmD+sUrcInZHEGTa2VPAAAAAwEAAQAAAQAIn339wnQE\nulD0CTBgoGY2E+7Jsnq2Q2PLUC+PddT9aQN/XUXWuKUPAH6dEthHTA55j5FBMPqQ\nBMnPFLn3VOw6bawyrrhC21j+05K3n0QvWRyF6pv0POHG3Gqk6GaKZXOjtlXXWCL/\nDpN+hXQI4E3axX70KJHDodoh8tvMF3z2lg1Tyfh2RcI0PuR6g1LwDwqDG5QcEF31\nlaQt2V2OmfnrSXL03Zqq9NChPq+8lX8sTtQqH1CGVkLuAH6xPC+PvZ/UU+4IJ9pK\nNGOyNCxWARrTzA0ikVidhn3/vg+qT3FFEhuvVuJCK4i7EH8UqypfE+aMY6XO9ecR\n6FhXWr8LePUdAAAAgDorPCVYy28iZnuKjOR3FUDq56pTcNGSQyJYG5mi3BzNMxyg\nhMIqL+9+3d3yvCEX6eZN8uO9iU3STnEvhD2kicF48/a4hZ6mzOJNf1jv2kBj9XSW\nRPkfgYyfqEsIK8+e+xbwQVFG4po5MyB3HaujRSmdTmJnKi97YpqGEaepU85qAAAA\ngQD62by2aP/PSRj7a0YbrBizpQo3fk/8i/nL+ylveUTN5lqnq4iWrOA8s2bRezWe\nC4qK6z+BvKAZ/r2eb8y3ocvdhtkjjhLXadOM9Ob6lmLdQreUf8Nd5I+g3XWjvBFC\nFhf9D/BWBnc1yX6YcqW9JBQZqKwjNLCU81ctJ/Kxn5juIwAAAIEA16qQf+R731VJ\nTcQCwWW7el14hmq7SUxLm4OJ2fXJynlpG9WpEcyWX8xhUzpsfZ6xnFG85PpTbgsf\nBxE5lBaO0rMqn80wXePzTEAYfcVfqEiQtj47p7U8t6o8tJbJwvr8463tsFGFF7pg\nORMYY5pUb81yQz2v4iclm5WA9UteIOUAAAAAAQID\n-----END OPENSSH PRIVATE KEY-----\n",
            "private_key_pem": "-----BEGIN RSA PRIVATE KEY-----\nMIIEogIBAAKCAQEA01P/rE9fGAtksdFKgjx8fuOSMXyJegTCl5qLks8LfrMy+xyY\nVsdCKfunwjvVYalXgldqmuH/K4sQeBj9gCgqL+NG5AXVjP1qxb0KX6IqVwQGOaSA\nO4+Mty7wwxJX7Nplrofc7o8WFaBKQ7ViG5IrycEUHkTjB2Hk451v0yEtDGfc760c\nSYP16BcD3djCFAtoPormVpsL9Hk0MsIZpSHStxs8rpuqyzMlNVl6FFE9fLMAGHqG\nTeoIHpy/tViCT8EYWF7GD6PgB3a2Wp+hqtPpnwXxrRT6StCPcCsqEspCNUGPjpU3\nBycqKwGREEXQasQFD8T5g/rFK3CJ2RxBk2tlTwIDAQABAoIBAAifff3CdAS6UPQJ\nMGCgZjYT7smyerZDY8tQL4911P1pA39dRda4pQ8Afp0S2EdMDnmPkUEw+pAEyc8U\nufdU7DptrDKuuELbWP7TkrefRC9ZHIXqm/Q84cbcaqToZoplc6O2VddYIv8Ok36F\ndAjgTdrFfvQokcOh2iHy28wXfPaWDVPJ+HZFwjQ+5HqDUvAPCoMblBwQXfWVpC3Z\nXY6Z+etJcvTdmqr00KE+r7yVfyxO1CofUIZWQu4AfrE8L4+9n9RT7ggn2ko0Y7I0\nLFYBGtPMDSKRWJ2Gff++D6pPcUUSG69W4kIriLsQfxSrKl8T5oxjpc715xHoWFda\nvwt49R0CgYEA+tm8tmj/z0kY+2tGG6wYs6UKN35P/Iv5y/spb3lEzeZap6uIlqzg\nPLNm0Xs1nguKius/gbygGf69nm/Mt6HL3YbZI44S12nTjPTm+pZi3UK3lH/DXeSP\noN11o7wRQhYX/Q/wVgZ3Ncl+mHKlvSQUGaisIzSwlPNXLSfysZ+Y7iMCgYEA16qQ\nf+R731VJTcQCwWW7el14hmq7SUxLm4OJ2fXJynlpG9WpEcyWX8xhUzpsfZ6xnFG8\n5PpTbgsfBxE5lBaO0rMqn80wXePzTEAYfcVfqEiQtj47p7U8t6o8tJbJwvr8463t\nsFGFF7pgORMYY5pUb81yQz2v4iclm5WA9UteIOUCgYBS5QsomFAYlsZLpyp20Isl\nKl/S8MnL4hG9J5WMwd1L0ViZ2eR8Lkq3pG1Qwk94l8XDnHPTEpsxm+3bYoSbFjuB\nTCOLTVLKnq0LAo8ltfabuYVi7EmKSJJyDVznq6lkVlq9BLxeISrZumk8RX6hnz+J\nLyUbSTklL7jaMj5QFjZ6UwKBgHnJnxop2+3tipy4sNmn6mwadqJpiWPGCvhCGsmT\n7CVD1KBcUsJzZwOoNdm7J2L1B9V/rw0bc5uz+gySpJJE/thrRwnA5KxQuqb3lx0H\nJZKxj87qa+O0DBqnrupIMJ3EAKVOJeio0GDq5cW1S9OLZl1QhlMEddtfQfSPQ6jB\nq+ElAoGAOis8JVjLbyJme4qM5HcVQOrnqlNw0ZJDIlgbmaLcHM0zHKCEwiov737d\n3fK8IRfp5k3y472JTdJOcS+EPaSJwXjz9riFnqbM4k1/WO/aQGP1dJZE+R+BjJ+o\nSwgrz577FvBBUUbimjkzIHcdq6NFKZ1OYmcqL3timoYRp6lTzmo=\n-----END RSA PRIVATE KEY-----\n",
            "private_key_pem_pkcs8": "-----BEGIN PRIVATE KEY-----\nMIIEvAIBADANBgkqhkiG9w0BAQEFAASCBKYwggSiAgEAAoIBAQDTU/+sT18YC2Sx\n0UqCPHx+45IxfIl6BMKXmouSzwt+szL7HJhWx0Ip+6fCO9VhqVeCV2qa4f8rixB4\nGP2AKCov40bkBdWM/WrFvQpfoipXBAY5pIA7j4y3LvDDElfs2mWuh9zujxYVoEpD\ntWIbkivJwRQeROMHYeTjnW/TIS0MZ9zvrRxJg/XoFwPd2MIUC2g+iuZWmwv0eTQy\nwhmlIdK3Gzyum6rLMyU1WXoUUT18swAYeoZN6ggenL+1WIJPwRhYXsYPo+AHdrZa\nn6Gq0+mfBfGtFPpK0I9wKyoSykI1QY+OlTcHJyorAZEQRdBqxAUPxPmD+sUrcInZ\nHEGTa2VPAgMBAAECggEACJ99/cJ0BLpQ9AkwYKBmNhPuybJ6tkNjy1Avj3XU/WkD\nf11F1rilDwB+nRLYR0wOeY+RQTD6kATJzxS591TsOm2sMq64QttY/tOSt59EL1kc\nheqb9DzhxtxqpOhmimVzo7ZV11gi/w6TfoV0COBN2sV+9CiRw6HaIfLbzBd89pYN\nU8n4dkXCND7keoNS8A8KgxuUHBBd9ZWkLdldjpn560ly9N2aqvTQoT6vvJV/LE7U\nKh9QhlZC7gB+sTwvj72f1FPuCCfaSjRjsjQsVgEa08wNIpFYnYZ9/74Pqk9xRRIb\nr1biQiuIuxB/FKsqXxPmjGOlzvXnEehYV1q/C3j1HQKBgQD62by2aP/PSRj7a0Yb\nrBizpQo3fk/8i/nL+ylveUTN5lqnq4iWrOA8s2bRezWeC4qK6z+BvKAZ/r2eb8y3\nocvdhtkjjhLXadOM9Ob6lmLdQreUf8Nd5I+g3XWjvBFCFhf9D/BWBnc1yX6YcqW9\nJBQZqKwjNLCU81ctJ/Kxn5juIwKBgQDXqpB/5HvfVUlNxALBZbt6XXiGartJTEub\ng4nZ9cnKeWkb1akRzJZfzGFTOmx9nrGcUbzk+lNuCx8HETmUFo7SsyqfzTBd4/NM\nQBh9xV+oSJC2PjuntTy3qjy0lsnC+vzjre2wUYUXumA5ExhjmlRvzXJDPa/iJyWb\nlYD1S14g5QKBgFLlCyiYUBiWxkunKnbQiyUqX9LwycviEb0nlYzB3UvRWJnZ5Hwu\nSrekbVDCT3iXxcOcc9MSmzGb7dtihJsWO4FMI4tNUsqerQsCjyW19pu5hWLsSYpI\nknINXOerqWRWWr0EvF4hKtm6aTxFfqGfP4kvJRtJOSUvuNoyPlAWNnpTAoGAecmf\nGinb7e2KnLiw2afqbBp2ommJY8YK+EIayZPsJUPUoFxSwnNnA6g12bsnYvUH1X+v\nDRtzm7P6DJKkkkT+2GtHCcDkrFC6pveXHQclkrGPzupr47QMGqeu6kgwncQApU4l\n6KjQYOrlxbVL04tmXVCGUwR1219B9I9DqMGr4SUCgYA6KzwlWMtvImZ7iozkdxVA\n6ueqU3DRkkMiWBuZotwczTMcoITCKi/vft3d8rwhF+nmTfLjvYlN0k5xL4Q9pInB\nePP2uIWepsziTX9Y79pAY/V0lkT5H4GMn6hLCCvPnvsW8EFRRuKaOTMgdx2ro0Up\nnU5iZyove2KahhGnqVPOag==\n-----END PRIVATE KEY-----\n",
            "public_key_fingerprint_md5": "8e:9b:16:de:f9:73:c5:ae:dd:7d:ff:de:d4:20:ec:93",
            "public_key_fingerprint_sha256": "SHA256:+mE819zxV3p0c2h3zY/YUGsdGiF9H0Bz0jQlhJk5ITk",
            "public_key_openssh": "ssh-rsa AAAAB3NzaC1yc2EAAAADAQABAAABAQDTU/+sT18YC2Sx0UqCPHx+45IxfIl6BMKXmouSzwt+szL7HJhWx0Ip+6fCO9VhqVeCV2qa4f8rixB4GP2AKCov40bkBdWM/WrFvQpfoipXBAY5pIA7j4y3LvDDElfs2mWuh9zujxYVoEpDtWIbkivJwRQeROMHYeTjnW/TIS0MZ9zvrRxJg/XoFwPd2MIUC2g+iuZWmwv0eTQywhmlIdK3Gzyum6rLMyU1WXoUUT18swAYeoZN6ggenL+1WIJPwRhYXsYPo+AHdrZan6Gq0+mfBfGtFPpK0I9wKyoSykI1QY+OlTcHJyorAZEQRdBqxAUPxPmD+sUrcInZHEGTa2VP\n",
            "public_key_pem": "-----BEGIN PUBLIC KEY-----\nMIIBIjANBgkqhkiG9w0BAQEFAAOCAQ8AMIIBCgKCAQEA01P/rE9fGAtksdFKgjx8\nfuOSMXyJegTCl5qLks8LfrMy+xyYVsdCKfunwjvVYalXgldqmuH/K4sQeBj9gCgq\nL+NG5AXVjP1qxb0KX6IqVwQGOaSAO4+Mty7wwxJX7Nplrofc7o8WFaBKQ7ViG5Ir\nycEUHkTjB2Hk451v0yEtDGfc760cSYP16BcD3djCFAtoPormVpsL9Hk0MsIZpSHS\ntxs8rpuqyzMlNVl6FFE9fLMAGHqGTeoIHpy/tViCT8EYWF7GD6PgB3a2Wp+hqtPp\nnwXxrRT6StCPcCsqEspCNUGPjpU3BycqKwGREEXQasQFD8T5g/rFK3CJ2RxBk2tl\nTwIDAQAB\n-----END PUBLIC KEY-----\n",
            "rsa_bits": 2048
          },
          "sensitive_attributes": [
            [
              {
                "type": "get_attr",
                "value": "private_key_openssh"
              }
            ],
            [
              {
                "type": "get_attr",
                "value": "private_key_pem"
              }
            ],
            [
              {
                "type": "get_attr",
                "value": "private_key_pem_pkcs8"
              }
            ]
          ],
          "identity_schema_version": 0
        }
      ]
    }
  ],
  "check_results": null
}
